
Microsoft Visual Studio Solution File, Format Version 12.00
# Visual Studio 15
VisualStudioVersion = 15.0.28307.539
MinimumVisualStudioVersion = 10.0.40219.1
Project("{FAE04EC0-301F-11D3-BF4B-00C04F79EFBC}") = "face", "face\face.csproj", "{00BC8634-D1F3-48E5-B944-1B86EBF179BA}"
EndProject
Global
	GlobalSection(SolutionConfigurationPlatforms) = preSolution
		Debug|Any CPU = Debug|Any CPU
		Release|Any CPU = Release|Any CPU
	EndGlobalSection
	GlobalSection(ProjectConfigurationPlatforms) = postSolution
		{00BC8634-D1F3-48E5-B944-1B86EBF179BA}.Debug|Any CPU.ActiveCfg = Debug|Any CPU
		{00BC8634-D1F3-48E5-B944-1B86EBF179BA}.Debug|Any CPU.Build.0 = Debug|Any CPU
		{00BC8634-D1F3-48E5-B944-1B86EBF179BA}.Release|Any CPU.ActiveCfg = Release|Any CPU
		{00BC8634-D1F3-48E5-B944-1B86EBF179BA}.Release|Any CPU.Build.0 = Release|Any CPU
	EndGlobalSection
	GlobalSection(SolutionProperties) = preSolution
		HideSolutionNode = FALSE
	EndGlobalSection
	GlobalSection(ExtensibilityGlobals) = postSolution
		SolutionGuid = {E1CC98AD-4843-4590-A977-7AB6570A69D9}
	EndGlobalSection
EndGlobal
